// !$*UTF8*$!
{
	archiveVersion = 1;
	classes = {
	};
	objectVersion = 46;
	objects = {

/* Begin PBXBuildFile section */
		B4E7D72A1678F1B400C01DFA /* Foundation.framework in Frameworks */ = {isa = PBXBuildFile; fileRef = B4E7D7291678F1B400C01DFA /* Foundation.framework */; };
		B4E7D72F1678F1B400C01DFA /* UICKeyChainStore.h in CopyFiles */ = {isa = PBXBuildFile; fileRef = B4E7D72E1678F1B400C01DFA /* UICKeyChainStore.h */; };
		B4E7D7311678F1B400C01DFA /* UICKeyChainStore.m in Sources */ = {isa = PBXBuildFile; fileRef = B4E7D7301678F1B400C01DFA /* UICKeyChainStore.m */; };
/* End PBXBuildFile section */

/* Begin PBXCopyFilesBuildPhase section */
		B4E7D7241678F1B400C01DFA /* CopyFiles */ = {
			isa = PBXCopyFilesBuildPhase;
			buildActionMask = 2147483647;
			dstPath = "include/${PRODUCT_NAME}";
			dstSubfolderSpec = 16;
			files = (
				B4E7D72F1678F1B400C01DFA /* UICKeyChainStore.h in CopyFiles */,
			);
			runOnlyForDeploymentPostprocessing = 0;
		};
/* End PBXCopyFilesBuildPhase section */

/* Begin PBXFileReference section */
		B4E7D7261678F1B400C01DFA /* libUICKeyChainStore.a */ = {isa = PBXFileReference; explicitFileType = archive.ar; includeInIndex = 0; path = libUICKeyChainStore.a; sourceTree = BUILT_PRODUCTS_DIR; };
		B4E7D7291678F1B400C01DFA /* Foundation.framework */ = {isa = PBXFileReference; lastKnownFileType = wrapper.framework; name = Foundation.framework; path = System/Library/Frameworks/Foundation.framework; sourceTree = SDKROOT; };
		B4E7D72D1678F1B400C01DFA /* UICKeyChainStore-Prefix.pch */ = {isa = PBXFileReference; lastKnownFileType = sourcecode.c.h; path = "UICKeyChainStore-Prefix.pch"; sourceTree = "<group>"; };
		B4E7D72E1678F1B400C01DFA /* UICKeyChainStore.h */ = {isa = PBXFileReference; lastKnownFileType = sourcecode.c.h; path = UICKeyChainStore.h; sourceTree = "<group>"; };
		B4E7D7301678F1B400C01DFA /* UICKeyChainStore.m */ = {isa = PBXFileReference; lastKnownFileType = sourcecode.c.objc; path = UICKeyChainStore.m; sourceTree = "<group>"; };
/* End PBXFileReference section */

/* Begin PBXFrameworksBuildPhase section */
		B4E7D7231678F1B400C01DFA /* Frameworks */ = {
			isa = PBXFrameworksBuildPhase;
			buildActionMask = 2147483647;
			files = (
				B4E7D72A1678F1B400C01DFA /* Foundation.framework in Frameworks */,
			);
			runOnlyForDeploymentPostprocessing = 0;
		};
/* End PBXFrameworksBuildPhase section */

/* Begin PBXGroup section */
		B4E7D71B1678F1B400C01DFA = {
			isa = PBXGroup;
			children = (
				B4E7D72B1678F1B400C01DFA /* UICKeyChainStore */,
				B4E7D7281678F1B400C01DFA /* Frameworks */,
				B4E7D7271678F1B400C01DFA /* Products */,
			);
			sourceTree = "<group>";
		};
		B4E7D7271678F1B400C01DFA /* Products */ = {
			isa = PBXGroup;
			children = (
				B4E7D7261678F1B400C01DFA /* libUICKeyChainStore.a */,
			);
			name = Products;
			sourceTree = "<group>";
		};
		B4E7D7281678F1B400C01DFA /* Frameworks */ = {
			isa = PBXGroup;
			children = (
				B4E7D7291678F1B400C01DFA /* Foundation.framework */,
			);
			name = Frameworks;
			sourceTree = "<group>";
		};
		B4E7D72B1678F1B400C01DFA /* UICKeyChainStore */ = {
			isa = PBXGroup;
			children = (
				B4E7D72E1678F1B400C01DFA /* UICKeyChainStore.h */,
				B4E7D7301678F1B400C01DFA /* UICKeyChainStore.m */,
				B4E7D72C1678F1B400C01DFA /* Supporting Files */,
			);
			path = UICKeyChainStore;
			sourceTree = "<group>";
		};
		B4E7D72C1678F1B400C01DFA /* Supporting Files */ = {
			isa = PBXGroup;
			children = (
				B4E7D72D1678F1B400C01DFA /* UICKeyChainStore-Prefix.pch */,
			);
			name = "Supporting Files";
			sourceTree = "<group>";
		};
/* End PBXGroup section */

/* Begin PBXNativeTarget section */
		B4E7D7251678F1B400C01DFA /* UICKeyChainStore */ = {
			isa = PBXNativeTarget;
			buildConfigurationList = B4E7D7341678F1B400C01DFA /* Build configuration list for PBXNativeTarget "UICKeyChainStore" */;
			buildPhases = (
				B4E7D7221678F1B400C01DFA /* Sources */,
				B4E7D7231678F1B400C01DFA /* Frameworks */,
				B4E7D7241678F1B400C01DFA /* CopyFiles */,
			);
			buildRules = (
			);
			dependencies = (
			);
			name = UICKeyChainStore;
			productName = UICKeyChainStore;
			productReference = B4E7D7261678F1B400C01DFA /* libUICKeyChainStore.a */;
			productType = "com.apple.product-type.library.static";
		};
/* End PBXNativeTarget section */

/* Begin PBXProject section */
		B4E7D71D1678F1B400C01DFA /* Project object */ = {
			isa = PBXProject;
			attributes = {
				LastUpgradeCheck = 0450;
				ORGANIZATIONNAME = Asynchrony;
			};
			buildConfigurationList = B4E7D7201678F1B400C01DFA /* Build configuration list for PBXProject "UICKeyChainStore" */;
			compatibilityVersion = "Xcode 3.2";
			developmentRegion = English;
			hasScannedForEncodings = 0;
			knownRegions = (
				en,
			);
			mainGroup = B4E7D71B1678F1B400C01DFA;
			productRefGroup = B4E7D7271678F1B400C01DFA /* Products */;
			projectDirPath = "";
			projectRoot = "";
			targets = (
				B4E7D7251678F1B400C01DFA /* UICKeyChainStore */,
			);
		};
/* End PBXProject section */

/* Begin PBXSourcesBuildPhase section */
		B4E7D7221678F1B400C01DFA /* Sources */ = {
			isa = PBXSourcesBuildPhase;
			buildActionMask = 2147483647;
			files = (
				B4E7D7311678F1B400C01DFA /* UICKeyChainStore.m in Sources */,
			);
			runOnlyForDeploymentPostprocessing = 0;
		};
/* End PBXSourcesBuildPhase section */

/* Begin XCBuildConfiguration section */
		B4E7D7321678F1B400C01DFA /* Debug */ = {
			isa = XCBuildConfiguration;
			buildSettings = {
				ALWAYS_SEARCH_USER_PATHS = NO;
				CLANG_CXX_LANGUAGE_STANDARD = "gnu++0x";
				CLANG_CXX_LIBRARY = "libc++";
				CLANG_WARN_EMPTY_BODY = YES;
				CLANG_WARN__DUPLICATE_METHOD_MATCH = YES;
				COPY_PHASE_STRIP = NO;
				GCC_C_LANGUAGE_STANDARD = gnu99;
				GCC_DYNAMIC_NO_PIC = NO;
				GCC_OPTIMIZATION_LEVEL = 0;
				GCC_PREPROCESSOR_DEFINITIONS = (
					"DEBUG=1",
					"$(inherited)",
				);
				GCC_SYMBOLS_PRIVATE_EXTERN = NO;
				GCC_WARN_ABOUT_RETURN_TYPE = YES;
				GCC_WARN_UNINITIALIZED_AUTOS = YES;
				GCC_WARN_UNUSED_VARIABLE = YES;
				IPHONEOS_DEPLOYMENT_TARGET = 6.0;
				ONLY_ACTIVE_ARCH = YES;
				SDKROOT = iphoneos;
			};
			name = Debug;
		};
		B4E7D7331678F1B400C01DFA /* Release */ = {
			isa = XCBuildConfiguration;
			buildSettings = {
				ALWAYS_SEARCH_USER_PATHS = NO;
				CLANG_CXX_LANGUAGE_STANDARD = "gnu++0x";
				CLANG_CXX_LIBRARY = "libc++";
				CLANG_WARN_EMPTY_BODY = YES;
				CLANG_WARN__DUPLICATE_METHOD_MATCH = YES;
				COPY_PHASE_STRIP = YES;
				GCC_C_LANGUAGE_STANDARD = gnu99;
				GCC_WARN_ABOUT_RETURN_TYPE = YES;
				GCC_WARN_UNINITIALIZED_AUTOS = YES;
				GCC_WARN_UNUSED_VARIABLE = YES;
				IPHONEOS_DEPLOYMENT_TARGET = 6.0;
				SDKROOT = iphoneos;
				VALIDATE_PRODUCT = YES;
			};
			name = Release;
		};
		B4E7D7351678F1B400C01DFA /* Debug */ = {
			isa = XCBuildConfiguration;
			buildSettings = {
				DSTROOT = /tmp/UICKeyChainStore.dst;
				GCC_PRECOMPILE_PREFIX_HEADER = YES;
				GCC_PREFIX_HEADER = "UICKeyChainStore/UICKeyChainStore-Prefix.pch";
				OTHER_LDFLAGS = "-ObjC";
				PRODUCT_NAME = "$(TARGET_NAME)";
				SKIP_INSTALL = YES;
			};
			name = Debug;
		};
		B4E7D7361678F1B400C01DFA /* Release */ = {
			isa = XCBuildConfiguration;
			buildSettings = {
				DSTROOT = /tmp/UICKeyChainStore.dst;
				GCC_PRECOMPILE_PREFIX_HEADER = YES;
				GCC_PREFIX_HEADER = "UICKeyChainStore/UICKeyChainStore-Prefix.pch";
				OTHER_LDFLAGS = "-ObjC";
				PRODUCT_NAME = "$(TARGET_NAME)";
				SKIP_INSTALL = YES;
			};
			name = Release;
		};
/* End XCBuildConfiguration section */

/* Begin XCConfigurationList section */
		B4E7D7201678F1B400C01DFA /* Build configuration list for PBXProject "UICKeyChainStore" */ = {
			isa = XCConfigurationList;
			buildConfigurations = (
				B4E7D7321678F1B400C01DFA /* Debug */,
				B4E7D7331678F1B400C01DFA /* Release */,
			);
			defaultConfigurationIsVisible = 0;
			defaultConfigurationName = Release;
		};
		B4E7D7341678F1B400C01DFA /* Build configuration list for PBXNativeTarget "UICKeyChainStore" */ = {
			isa = XCConfigurationList;
			buildConfigurations = (
				B4E7D7351678F1B400C01DFA /* Debug */,
				B4E7D7361678F1B400C01DFA /* Release */,
			);
			defaultConfigurationIsVisible = 0;
		};
/* End XCConfigurationList section */
	};
	rootObject = B4E7D71D1678F1B400C01DFA /* Project object */;
}
